{
  "name": "BirdsAreReal",
  "version": "1.0.0",
  "lockfileVersion": 1,
  "requires": true,
  "dependencies": {
    "@googlemaps/markerclustererplus": {
      "version": "1.2.0",
      "resolved": "https://registry.npmjs.org/@googlemaps/markerclustererplus/-/markerclustererplus-1.2.0.tgz",
      "integrity": "sha512-hv+pX4HxOLxypHbMacZNthaMA1A8ePQARbOnpwHlKDpmrkJHBfClj8H2xZwPM1Beu8jiPPQlQeEF3YONRwA3SA=="
    }
  }
}
